# This file is autogenerated, do not edit; changes may be undone by the next 'dep ensure'.


[[projects]]
  branch = "master"
  digest = "1:a6609679ca468a89b711934f16b346e99f6ec344eadd2f7b00b1156785dd1236"
  name = "github.com/benlaurie/objecthash"
  packages = ["go/objecthash"]
  pruneopts = "UT"
  revision = "d1e3d6079fc16f8f542183fb5b2fdc11d9f00866"

[[projects]]
  branch = "fixshutdown"
  digest = "1:ecae6852d1bbfaae6bdabd209b389a08565345840b79a5a2eb80c2c9134da524"
  name = "github.com/bgentry/que-go"
  packages = ["."]
  pruneopts = "UT"
  revision = "9937fbb63d3e5c2cd14d30378eaee59641fc4fbe"
  source = "github.com/govau/que-go"

[[projects]]
  digest = "1:d689318918dac8435731a16f090349f48f3758a3dbe5f967e913185bf264abaf"
  name = "github.com/cloudfoundry-community/go-cfenv"
  packages = ["."]
  pruneopts = "UT"
  revision = "f920e9562d5f951cbf11785728f67258c38a10d0"
  version = "v1.17.0"

[[projects]]
  branch = "master"
  digest = "1:84b47ee4c0a1a6df8d3219ad9c29807fd1efd5670667287eb51174fd90088688"
  name = "github.com/continusec/objecthash"
  packages = ["."]
  pruneopts = "UT"
  revision = "f511ee1147a3d6450fb95c561299f4c6260d4907"

[[projects]]
  branch = "master"
  digest = "1:dcc86ac7f26c1cc5bc7dcd3d146c208c2da153e0f2bd78f8b56db3f7d2a3e938"
  name = "github.com/continusec/verifiabledatastructures"
  packages = [
    "merkle",
    "mutator/instant",
    "oracle/policy",
    "pb",
    "storage/memory",
    "storage/postgres",
    "verifiable",
  ]
  pruneopts = "UT"
  revision = "b3d8a3162c47168a51471eb5e884476242fef4f7"

[[projects]]
  branch = "master"
  digest = "1:095c5b12709e45a61ff2820c2bf81c7de7a030629cb728fc7a2abec35b5cbadb"
  name = "github.com/fullsailor/pkcs7"
  packages = ["."]
  pruneopts = "UT"
  revision = "8306686428a5fe132eac8cb7c4848af725098bd4"

[[projects]]
  digest = "1:4c0989ca0bcd10799064318923b9bc2db6b4d6338dd75f3f2d86c3511aaaf5cf"
  name = "github.com/golang/protobuf"
  packages = [
    "proto",
    "ptypes",
    "ptypes/any",
    "ptypes/duration",
    "ptypes/timestamp",
  ]
  pruneopts = "UT"
  revision = "aa810b61a9c79d51363740d207bb46cf8e620ed5"
  version = "v1.2.0"

[[projects]]
  branch = "objecthash"
  digest = "1:79a6459ccee58b84b7c7deb65c4c873579df200238e0f23217c8ff597c4ec032"
  name = "github.com/google/certificate-transparency-go"
  packages = [
    ".",
    "asn1",
    "client",
    "client/configpb",
    "jsonclient",
    "tls",
    "x509",
    "x509/pkix",
  ]
  pruneopts = "UT"
  revision = "8508ab324a3cc98ef40c62dd18ae2f6b7908cdb0"
  source = "github.com/govau/certificate-transparency-go"

[[projects]]
  digest = "1:c79fb010be38a59d657c48c6ba1d003a8aa651fa56b579d959d74573b7dff8e1"
  name = "github.com/gorilla/context"
  packages = ["."]
  pruneopts = "UT"
  revision = "08b5f424b9271eedf6f9f0ce86cb9396ed337a42"
  version = "v1.1.1"

[[projects]]
  digest = "1:664d37ea261f0fc73dd17f4a1f5f46d01fbb0b0d75f6375af064824424109b7d"
  name = "github.com/gorilla/handlers"
  packages = ["."]
  pruneopts = "UT"
  revision = "7e0847f9db758cdebd26c149d0ae9d5d0b9c98ce"
  version = "v1.4.0"

[[projects]]
  digest = "1:e73f5b0152105f18bc131fba127d9949305c8693f8a762588a82a48f61756f5f"
  name = "github.com/gorilla/mux"
  packages = ["."]
  pruneopts = "UT"
  revision = "e3702bed27f0d39777b0b37b664b6280e8ef8fbf"
  version = "v1.6.2"

[[projects]]
  digest = "1:e9d566a50f83455ccfb2587860750d68343c884b1dfafec504fa6cef17538cc2"
  name = "github.com/govau/cf-common"
  packages = [
    "env",
    "jobs",
  ]
  pruneopts = "UT"
  revision = "f85526034745406f35121d889ab195dc307037c2"
  version = "v0.0.6"

[[projects]]
  branch = "master"
  digest = "1:99abf2f0465eb81efe27de837152c4beda55fff8400da72c8e1c4c7455f011dc"
  name = "github.com/govau/verifiable-logs"
  packages = [
    "assets",
    "generalisedtransparency",
    "pb",
  ]
  pruneopts = "UT"
  revision = "86250bda04aa719a00e935c04ea96b9d1f5403e0"

[[projects]]
  digest = "1:8dfbec76b4834d96c37ba4c4969fc47c9a15e67c5a7eecfa031fbe67dab50429"
  name = "github.com/jackc/pgx"
  packages = [
    ".",
    "chunkreader",
    "internal/sanitize",
    "pgio",
    "pgproto3",
    "pgtype",
  ]
  pruneopts = "UT"
  revision = "89f1e6ac7276b61d885db5e5aed6fcbedd1c7e31"
  version = "v3.2.0"

[[projects]]
  digest = "1:53bc4cd4914cd7cd52139990d5170d6dc99067ae31c56530621b18b35fc30318"
  name = "github.com/mitchellh/mapstructure"
  packages = ["."]
  pruneopts = "UT"
  revision = "3536a929edddb9a5b34bd6861dc4a9647cb459fe"
  version = "v1.1.2"

[[projects]]
  digest = "1:40e195917a951a8bf867cd05de2a46aaf1806c50cf92eebf4c16f78cd196f747"
  name = "github.com/pkg/errors"
  packages = ["."]
  pruneopts = "UT"
  revision = "645ef00459ed84a119197bfb8d8205042c6df63d"
  version = "v0.8.0"

[[projects]]
  digest = "1:274f67cb6fed9588ea2521ecdac05a6d62a8c51c074c1fccc6a49a40ba80e925"
  name = "github.com/satori/go.uuid"
  packages = ["."]
  pruneopts = "UT"
  revision = "f58768cc1a7a7e77a3bd49e98cdd21419399b6a3"
  version = "v1.2.0"

[[projects]]
  branch = "master"
  digest = "1:3bd2ff2e5cc5ab98739479dbd539473c92b29b9c11632b6fcbbadad373b55bfd"
  name = "golang.org/x/crypto"
  packages = [
    "cryptobyte",
    "cryptobyte/asn1",
  ]
  pruneopts = "UT"
  revision = "0c41d7ab0a0ee717d4590a44bcb987dfd9e183eb"

[[projects]]
  branch = "master"
  digest = "1:1ae047ded1ddcbe0eca8b0772e3ff2c10e354db4c42c65b96d0386883e63904d"
  name = "golang.org/x/net"
  packages = [
    "context",
    "context/ctxhttp",
    "http/httpguts",
    "http2",
    "http2/hpack",
    "idna",
    "internal/timeseries",
    "trace",
  ]
  pruneopts = "UT"
  revision = "49bb7cea24b1df9410e1712aa6433dae904ff66a"

[[projects]]
  branch = "master"
  digest = "1:0a40b0bdd57a93e741d8557465be3a2edeec408e9b6399586ad65bbe8e355796"
  name = "golang.org/x/sys"
  packages = ["unix"]
  pruneopts = "UT"
  revision = "fa43e7bc11baaae89f3f902b2b4d832b68234844"

[[projects]]
  digest = "1:a2ab62866c75542dd18d2b069fec854577a20211d7c0ea6ae746072a1dccdd18"
  name = "golang.org/x/text"
  packages = [
    "collate",
    "collate/build",
    "internal/colltab",
    "internal/gen",
    "internal/tag",
    "internal/triegen",
    "internal/ucd",
    "language",
    "secure/bidirule",
    "transform",
    "unicode/bidi",
    "unicode/cldr",
    "unicode/norm",
    "unicode/rangetable",
  ]
  pruneopts = "UT"
  revision = "f21a4dfb5e38f5895301dc265a8def02365cc3d0"
  version = "v0.3.0"

[[projects]]
  branch = "master"
  digest = "1:56b0bca90b7e5d1facf5fbdacba23e4e0ce069d25381b8e2f70ef1e7ebfb9c1a"
  name = "google.golang.org/genproto"
  packages = ["googleapis/rpc/status"]
  pruneopts = "UT"
  revision = "af9cb2a35e7f169ec875002c1829c9b315cddc04"

[[projects]]
  digest = "1:ab8e92d746fb5c4c18846b0879842ac8e53b3d352449423d0924a11f1020ae1b"
  name = "google.golang.org/grpc"
  packages = [
    ".",
    "balancer",
    "balancer/base",
    "balancer/roundrobin",
    "codes",
    "connectivity",
    "credentials",
    "encoding",
    "encoding/proto",
    "grpclog",
    "internal",
    "internal/backoff",
    "internal/channelz",
    "internal/envconfig",
    "internal/grpcrand",
    "internal/transport",
    "keepalive",
    "metadata",
    "naming",
    "peer",
    "resolver",
    "resolver/dns",
    "resolver/passthrough",
    "stats",
    "status",
    "tap",
  ]
  pruneopts = "UT"
  revision = "8dea3dc473e90c8179e519d91302d0597c0ca1d1"
  version = "v1.15.0"

[solve-meta]
  analyzer-name = "dep"
  analyzer-version = 1
  input-imports = [
    "github.com/continusec/verifiabledatastructures/mutator/instant",
    "github.com/continusec/verifiabledatastructures/oracle/policy",
    "github.com/continusec/verifiabledatastructures/pb",
    "github.com/continusec/verifiabledatastructures/storage/memory",
    "github.com/continusec/verifiabledatastructures/storage/postgres",
    "github.com/continusec/verifiabledatastructures/verifiable",
    "github.com/govau/cf-common/env",
    "github.com/govau/cf-common/jobs",
    "github.com/govau/verifiable-logs/generalisedtransparency",
    "github.com/jackc/pgx",
  ]
  solver-name = "gps-cdcl"
  solver-version = 1
